// !$*UTF8*$!
{
	archiveVersion = 1;
	classes = {
	};
	objectVersion = 50;
	objects = {

/* Begin PBXBuildFile section */
		356309BF26A3DF5C00986593 /* AppDelegate.swift in Sources */ = {isa = PBXBuildFile; fileRef = 356309BE26A3DF5C00986593 /* AppDelegate.swift */; };
		356309C126A3DF5C00986593 /* SceneDelegate.swift in Sources */ = {isa = PBXBuildFile; fileRef = 356309C026A3DF5C00986593 /* SceneDelegate.swift */; };
		356309C326A3DF5C00986593 /* ViewController.swift in Sources */ = {isa = PBXBuildFile; fileRef = 356309C226A3DF5C00986593 /* ViewController.swift */; };
		356309C626A3DF5C00986593 /* Main.storyboard in Resources */ = {isa = PBXBuildFile; fileRef = 356309C426A3DF5C00986593 /* Main.storyboard */; };
		356309C826A3DF5E00986593 /* Assets.xcassets in Resources */ = {isa = PBXBuildFile; fileRef = 356309C726A3DF5E00986593 /* Assets.xcassets */; };
		356309CB26A3DF5E00986593 /* LaunchScreen.storyboard in Resources */ = {isa = PBXBuildFile; fileRef = 356309C926A3DF5E00986593 /* LaunchScreen.storyboard */; };
		356309D326A3DF7A00986593 /* MyViewBuilder.swift in Sources */ = {isa = PBXBuildFile; fileRef = 356309D226A3DF7A00986593 /* MyViewBuilder.swift */; };
/* End PBXBuildFile section */

/* Begin PBXFileReference section */
		356309BB26A3DF5C00986593 /* ResultBuilder.app */ = {isa = PBXFileReference; explicitFileType = wrapper.application; includeInIndex = 0; path = ResultBuilder.app; sourceTree = BUILT_PRODUCTS_DIR; };
		356309BE26A3DF5C00986593 /* AppDelegate.swift */ = {isa = PBXFileReference; lastKnownFileType = sourcecode.swift; path = AppDelegate.swift; sourceTree = "<group>"; };
		356309C026A3DF5C00986593 /* SceneDelegate.swift */ = {isa = PBXFileReference; lastKnownFileType = sourcecode.swift; path = SceneDelegate.swift; sourceTree = "<group>"; };
		356309C226A3DF5C00986593 /* ViewController.swift */ = {isa = PBXFileReference; lastKnownFileType = sourcecode.swift; path = ViewController.swift; sourceTree = "<group>"; };
		356309C526A3DF5C00986593 /* Base */ = {isa = PBXFileReference; lastKnownFileType = file.storyboard; name = Base; path = Base.lproj/Main.storyboard; sourceTree = "<group>"; };
		356309C726A3DF5E00986593 /* Assets.xcassets */ = {isa = PBXFileReference; lastKnownFileType = folder.assetcatalog; path = Assets.xcassets; sourceTree = "<group>"; };
		356309CA26A3DF5E00986593 /* Base */ = {isa = PBXFileReference; lastKnownFileType = file.storyboard; name = Base; path = Base.lproj/LaunchScreen.storyboard; sourceTree = "<group>"; };
		356309CC26A3DF5E00986593 /* Info.plist */ = {isa = PBXFileReference; lastKnownFileType = text.plist.xml; path = Info.plist; sourceTree = "<group>"; };
		356309D226A3DF7A00986593 /* MyViewBuilder.swift */ = {isa = PBXFileReference; lastKnownFileType = sourcecode.swift; path = MyViewBuilder.swift; sourceTree = "<group>"; };
/* End PBXFileReference section */

/* Begin PBXFrameworksBuildPhase section */
		356309B826A3DF5C00986593 /* Frameworks */ = {
			isa = PBXFrameworksBuildPhase;
			buildActionMask = 2147483647;
			files = (
			);
			runOnlyForDeploymentPostprocessing = 0;
		};
/* End PBXFrameworksBuildPhase section */

/* Begin PBXGroup section */
		356309B226A3DF5C00986593 = {
			isa = PBXGroup;
			children = (
				356309BD26A3DF5C00986593 /* ResultBuilder */,
				356309BC26A3DF5C00986593 /* Products */,
			);
			sourceTree = "<group>";
		};
		356309BC26A3DF5C00986593 /* Products */ = {
			isa = PBXGroup;
			children = (
				356309BB26A3DF5C00986593 /* ResultBuilder.app */,
			);
			name = Products;
			sourceTree = "<group>";
		};
		356309BD26A3DF5C00986593 /* ResultBuilder */ = {
			isa = PBXGroup;
			children = (
				356309BE26A3DF5C00986593 /* AppDelegate.swift */,
				356309C026A3DF5C00986593 /* SceneDelegate.swift */,
				356309C226A3DF5C00986593 /* ViewController.swift */,
				356309C426A3DF5C00986593 /* Main.storyboard */,
				356309C726A3DF5E00986593 /* Assets.xcassets */,
				356309C926A3DF5E00986593 /* LaunchScreen.storyboard */,
				356309CC26A3DF5E00986593 /* Info.plist */,
				356309D226A3DF7A00986593 /* MyViewBuilder.swift */,
			);
			path = ResultBuilder;
			sourceTree = "<group>";
		};
/* End PBXGroup section */

/* Begin PBXNativeTarget section */
		356309BA26A3DF5C00986593 /* ResultBuilder */ = {
			isa = PBXNativeTarget;
			buildConfigurationList = 356309CF26A3DF5E00986593 /* Build configuration list for PBXNativeTarget "ResultBuilder" */;
			buildPhases = (
				356309B726A3DF5C00986593 /* Sources */,
				356309B826A3DF5C00986593 /* Frameworks */,
				356309B926A3DF5C00986593 /* Resources */,
			);
			buildRules = (
			);
			dependencies = (
			);
			name = ResultBuilder;
			productName = ResultBuilder;
			productReference = 356309BB26A3DF5C00986593 /* ResultBuilder.app */;
			productType = "com.apple.product-type.application";
		};
/* End PBXNativeTarget section */

/* Begin PBXProject section */
		356309B326A3DF5C00986593 /* Project object */ = {
			isa = PBXProject;
			attributes = {
				LastSwiftUpdateCheck = 1250;
				LastUpgradeCheck = 1250;
				TargetAttributes = {
					356309BA26A3DF5C00986593 = {
						CreatedOnToolsVersion = 12.5;
					};
				};
			};
			buildConfigurationList = 356309B626A3DF5C00986593 /* Build configuration list for PBXProject "ResultBuilder" */;
			compatibilityVersion = "Xcode 9.3";
			developmentRegion = en;
			hasScannedForEncodings = 0;
			knownRegions = (
				en,
				Base,
			);
			mainGroup = 356309B226A3DF5C00986593;
			productRefGroup = 356309BC26A3DF5C00986593 /* Products */;
			projectDirPath = "";
			projectRoot = "";
			targets = (
				356309BA26A3DF5C00986593 /* ResultBuilder */,
			);
		};
/* End PBXProject section */

/* Begin PBXResourcesBuildPhase section */
		356309B926A3DF5C00986593 /* Resources */ = {
			isa = PBXResourcesBuildPhase;
			buildActionMask = 2147483647;
			files = (
				356309CB26A3DF5E00986593 /* LaunchScreen.storyboard in Resources */,
				356309C826A3DF5E00986593 /* Assets.xcassets in Resources */,
				356309C626A3DF5C00986593 /* Main.storyboard in Resources */,
			);
			runOnlyForDeploymentPostprocessing = 0;
		};
/* End PBXResourcesBuildPhase section */

/* Begin PBXSourcesBuildPhase section */
		356309B726A3DF5C00986593 /* Sources */ = {
			isa = PBXSourcesBuildPhase;
			buildActionMask = 2147483647;
			files = (
				356309C326A3DF5C00986593 /* ViewController.swift in Sources */,
				356309BF26A3DF5C00986593 /* AppDelegate.swift in Sources */,
				356309D326A3DF7A00986593 /* MyViewBuilder.swift in Sources */,
				356309C126A3DF5C00986593 /* SceneDelegate.swift in Sources */,
			);
			runOnlyForDeploymentPostprocessing = 0;
		};
/* End PBXSourcesBuildPhase section */

/* Begin PBXVariantGroup section */
		356309C426A3DF5C00986593 /* Main.storyboard */ = {
			isa = PBXVariantGroup;
			children = (
				356309C526A3DF5C00986593 /* Base */,
			);
			name = Main.storyboard;
			sourceTree = "<group>";
		};
		356309C926A3DF5E00986593 /* LaunchScreen.storyboard */ = {
			isa = PBXVariantGroup;
			children = (
				356309CA26A3DF5E00986593 /* Base */,
			);
			name = LaunchScreen.storyboard;
			sourceTree = "<group>";
		};
/* End PBXVariantGroup section */

/* Begin XCBuildConfiguration section */
		356309CD26A3DF5E00986593 /* Debug */ = {
			isa = XCBuildConfiguration;
			buildSettings = {
				ALWAYS_SEARCH_USER_PATHS = NO;
				CLANG_ANALYZER_NONNULL = YES;
				CLANG_ANALYZER_NUMBER_OBJECT_CONVERSION = YES_AGGRESSIVE;
				CLANG_CXX_LANGUAGE_STANDARD = "gnu++14";
				CLANG_CXX_LIBRARY = "libc++";
				CLANG_ENABLE_MODULES = YES;
				CLANG_ENABLE_OBJC_ARC = YES;
				CLANG_ENABLE_OBJC_WEAK = YES;
				CLANG_WARN_BLOCK_CAPTURE_AUTORELEASING = YES;
				CLANG_WARN_BOOL_CONVERSION = YES;
				CLANG_WARN_COMMA = YES;
				CLANG_WARN_CONSTANT_CONVERSION = YES;
				CLANG_WARN_DEPRECATED_OBJC_IMPLEMENTATIONS = YES;
				CLANG_WARN_DIRECT_OBJC_ISA_USAGE = YES_ERROR;
				CLANG_WARN_DOCUMENTATION_COMMENTS = YES;
				CLANG_WARN_EMPTY_BODY = YES;
				CLANG_WARN_ENUM_CONVERSION = YES;
				CLANG_WARN_INFINITE_RECURSION = YES;
				CLANG_WARN_INT_CONVERSION = YES;
				CLANG_WARN_NON_LITERAL_NULL_CONVERSION = YES;
				CLANG_WARN_OBJC_IMPLICIT_RETAIN_SELF = YES;
				CLANG_WARN_OBJC_LITERAL_CONVERSION = YES;
				CLANG_WARN_OBJC_ROOT_CLASS = YES_ERROR;
				CLANG_WARN_QUOTED_INCLUDE_IN_FRAMEWORK_HEADER = YES;
				CLANG_WARN_RANGE_LOOP_ANALYSIS = YES;
				CLANG_WARN_STRICT_PROTOTYPES = YES;
				CLANG_WARN_SUSPICIOUS_MOVE = YES;
				CLANG_WARN_UNGUARDED_AVAILABILITY = YES_AGGRESSIVE;
				CLANG_WARN_UNREACHABLE_CODE = YES;
				CLANG_WARN__DUPLICATE_METHOD_MATCH = YES;
				COPY_PHASE_STRIP = NO;
				DEBUG_INFORMATION_FORMAT = dwarf;
				ENABLE_STRICT_OBJC_MSGSEND = YES;
				ENABLE_TESTABILITY = YES;
				GCC_C_LANGUAGE_STANDARD = gnu11;
				GCC_DYNAMIC_NO_PIC = NO;
				GCC_NO_COMMON_BLOCKS = YES;
				GCC_OPTIMIZATION_LEVEL = 0;
				GCC_PREPROCESSOR_DEFINITIONS = (
					"DEBUG=1",
					"$(inherited)",
				);
				GCC_WARN_64_TO_32_BIT_CONVERSION = YES;
				GCC_WARN_ABOUT_RETURN_TYPE = YES_ERROR;
				GCC_WARN_UNDECLARED_SELECTOR = YES;
				GCC_WARN_UNINITIALIZED_AUTOS = YES_AGGRESSIVE;
				GCC_WARN_UNUSED_FUNCTION = YES;
				GCC_WARN_UNUSED_VARIABLE = YES;
				IPHONEOS_DEPLOYMENT_TARGET = 14.5;
				MTL_ENABLE_DEBUG_INFO = INCLUDE_SOURCE;
				MTL_FAST_MATH = YES;
				ONLY_ACTIVE_ARCH = YES;
				SDKROOT = iphoneos;
				SWIFT_ACTIVE_COMPILATION_CONDITIONS = DEBUG;
				SWIFT_OPTIMIZATION_LEVEL = "-Onone";
			};
			name = Debug;
		};
		356309CE26A3DF5E00986593 /* Release */ = {
			isa = XCBuildConfiguration;
			buildSettings = {
				ALWAYS_SEARCH_USER_PATHS = NO;
				CLANG_ANALYZER_NONNULL = YES;
				CLANG_ANALYZER_NUMBER_OBJECT_CONVERSION = YES_AGGRESSIVE;
				CLANG_CXX_LANGUAGE_STANDARD = "gnu++14";
				CLANG_CXX_LIBRARY = "libc++";
				CLANG_ENABLE_MODULES = YES;
				CLANG_ENABLE_OBJC_ARC = YES;
				CLANG_ENABLE_OBJC_WEAK = YES;
				CLANG_WARN_BLOCK_CAPTURE_AUTORELEASING = YES;
				CLANG_WARN_BOOL_CONVERSION = YES;
				CLANG_WARN_COMMA = YES;
				CLANG_WARN_CONSTANT_CONVERSION = YES;
				CLANG_WARN_DEPRECATED_OBJC_IMPLEMENTATIONS = YES;
				CLANG_WARN_DIRECT_OBJC_ISA_USAGE = YES_ERROR;
				CLANG_WARN_DOCUMENTATION_COMMENTS = YES;
				CLANG_WARN_EMPTY_BODY = YES;
				CLANG_WARN_ENUM_CONVERSION = YES;
				CLANG_WARN_INFINITE_RECURSION = YES;
				CLANG_WARN_INT_CONVERSION = YES;
				CLANG_WARN_NON_LITERAL_NULL_CONVERSION = YES;
				CLANG_WARN_OBJC_IMPLICIT_RETAIN_SELF = YES;
				CLANG_WARN_OBJC_LITERAL_CONVERSION = YES;
				CLANG_WARN_OBJC_ROOT_CLASS = YES_ERROR;
				CLANG_WARN_QUOTED_INCLUDE_IN_FRAMEWORK_HEADER = YES;
				CLANG_WARN_RANGE_LOOP_ANALYSIS = YES;
				CLANG_WARN_STRICT_PROTOTYPES = YES;
				CLANG_WARN_SUSPICIOUS_MOVE = YES;
				CLANG_WARN_UNGUARDED_AVAILABILITY = YES_AGGRESSIVE;
				CLANG_WARN_UNREACHABLE_CODE = YES;
				CLANG_WARN__DUPLICATE_METHOD_MATCH = YES;
				COPY_PHASE_STRIP = NO;
				DEBUG_INFORMATION_FORMAT = "dwarf-with-dsym";
				ENABLE_NS_ASSERTIONS = NO;
				ENABLE_STRICT_OBJC_MSGSEND = YES;
				GCC_C_LANGUAGE_STANDARD = gnu11;
				GCC_NO_COMMON_BLOCKS = YES;
				GCC_WARN_64_TO_32_BIT_CONVERSION = YES;
				GCC_WARN_ABOUT_RETURN_TYPE = YES_ERROR;
				GCC_WARN_UNDECLARED_SELECTOR = YES;
				GCC_WARN_UNINITIALIZED_AUTOS = YES_AGGRESSIVE;
				GCC_WARN_UNUSED_FUNCTION = YES;
				GCC_WARN_UNUSED_VARIABLE = YES;
				IPHONEOS_DEPLOYMENT_TARGET = 14.5;
				MTL_ENABLE_DEBUG_INFO = NO;
				MTL_FAST_MATH = YES;
				SDKROOT = iphoneos;
				SWIFT_COMPILATION_MODE = wholemodule;
				SWIFT_OPTIMIZATION_LEVEL = "-O";
				VALIDATE_PRODUCT = YES;
			};
			name = Release;
		};
		356309D026A3DF5E00986593 /* Debug */ = {
			isa = XCBuildConfiguration;
			buildSettings = {
				ASSETCATALOG_COMPILER_APPICON_NAME = AppIcon;
				ASSETCATALOG_COMPILER_GLOBAL_ACCENT_COLOR_NAME = AccentColor;
				CODE_SIGN_STYLE = Automatic;
				INFOPLIST_FILE = ResultBuilder/Info.plist;
				LD_RUNPATH_SEARCH_PATHS = (
					"$(inherited)",
					"@executable_path/Frameworks",
				);
				PRODUCT_BUNDLE_IDENTIFIER = "cn.arclin.-.ResultBuilder";
				PRODUCT_NAME = "$(TARGET_NAME)";
				SWIFT_VERSION = 5.0;
				TARGETED_DEVICE_FAMILY = "1,2";
			};
			name = Debug;
		};
		356309D126A3DF5E00986593 /* Release */ = {
			isa = XCBuildConfiguration;
			buildSettings = {
				ASSETCATALOG_COMPILER_APPICON_NAME = AppIcon;
				ASSETCATALOG_COMPILER_GLOBAL_ACCENT_COLOR_NAME = AccentColor;
				CODE_SIGN_STYLE = Automatic;
				INFOPLIST_FILE = ResultBuilder/Info.plist;
				LD_RUNPATH_SEARCH_PATHS = (
					"$(inherited)",
					"@executable_path/Frameworks",
				);
				PRODUCT_BUNDLE_IDENTIFIER = "cn.arclin.-.ResultBuilder";
				PRODUCT_NAME = "$(TARGET_NAME)";
				SWIFT_VERSION = 5.0;
				TARGETED_DEVICE_FAMILY = "1,2";
			};
			name = Release;
		};
/* End XCBuildConfiguration section */

/* Begin XCConfigurationList section */
		356309B626A3DF5C00986593 /* Build configuration list for PBXProject "ResultBuilder" */ = {
			isa = XCConfigurationList;
			buildConfigurations = (
				356309CD26A3DF5E00986593 /* Debug */,
				356309CE26A3DF5E00986593 /* Release */,
			);
			defaultConfigurationIsVisible = 0;
			defaultConfigurationName = Release;
		};
		356309CF26A3DF5E00986593 /* Build configuration list for PBXNativeTarget "ResultBuilder" */ = {
			isa = XCConfigurationList;
			buildConfigurations = (
				356309D026A3DF5E00986593 /* Debug */,
				356309D126A3DF5E00986593 /* Release */,
			);
			defaultConfigurationIsVisible = 0;
			defaultConfigurationName = Release;
		};
/* End XCConfigurationList section */
	};
	rootObject = 356309B326A3DF5C00986593 /* Project object */;
}
